// !$*UTF8*$!
{
	archiveVersion = 1;
	classes = {
	};
	objectVersion = 46;
	objects = {

/* Begin PBXBuildFile section */
		98B298691981444F001C41CC /* Job.m in Sources */ = {isa = PBXBuildFile; fileRef = 98B298681981444F001C41CC /* Job.m */; };
		98B2986A1981444F001C41CC /* Job.m in Sources */ = {isa = PBXBuildFile; fileRef = 98B298681981444F001C41CC /* Job.m */; };
		98B2986C198144BB001C41CC /* test_person_job.json in Resources */ = {isa = PBXBuildFile; fileRef = 98B2986B198144BB001C41CC /* test_person_job.json */; };
		98B2986D198144BB001C41CC /* test_person_job.json in Resources */ = {isa = PBXBuildFile; fileRef = 98B2986B198144BB001C41CC /* test_person_job.json */; };
		9A90D23E192CF9F000ED28F6 /* XCTest.framework in Frameworks */ = {isa = PBXBuildFile; fileRef = 9A90D23D192CF9F000ED28F6 /* XCTest.framework */; };
		9A90D240192CF9F000ED28F6 /* Foundation.framework in Frameworks */ = {isa = PBXBuildFile; fileRef = 9A90D23F192CF9F000ED28F6 /* Foundation.framework */; };
		9AF9EF131937946A00F659E2 /* TestDataStore.m in Sources */ = {isa = PBXBuildFile; fileRef = 9AF9EF051937946A00F659E2 /* TestDataStore.m */; };
		9AF9EF141937946A00F659E2 /* test_person.json in Resources */ = {isa = PBXBuildFile; fileRef = 9AF9EF071937946A00F659E2 /* test_person.json */; };
		9AF9EF151937946A00F659E2 /* test_person_address.json in Resources */ = {isa = PBXBuildFile; fileRef = 9AF9EF081937946A00F659E2 /* test_person_address.json */; };
		9AF9EF161937946A00F659E2 /* Address.m in Sources */ = {isa = PBXBuildFile; fileRef = 9AF9EF0B1937946A00F659E2 /* Address.m */; };
		9AF9EF171937946A00F659E2 /* BigObject.m in Sources */ = {isa = PBXBuildFile; fileRef = 9AF9EF0D1937946A00F659E2 /* BigObject.m */; };
		9AF9EF181937946A00F659E2 /* ModelObject.m in Sources */ = {isa = PBXBuildFile; fileRef = 9AF9EF0F1937946A00F659E2 /* ModelObject.m */; };
		9AF9EF191937946A00F659E2 /* Person.m in Sources */ = {isa = PBXBuildFile; fileRef = 9AF9EF111937946A00F659E2 /* Person.m */; };
		9AF9EF1A1937946A00F659E2 /* RZImportTests.m in Sources */ = {isa = PBXBuildFile; fileRef = 9AF9EF121937946A00F659E2 /* RZImportTests.m */; };
		9AF9EF24193794D000F659E2 /* XCTest.framework in Frameworks */ = {isa = PBXBuildFile; fileRef = 9A90D23D192CF9F000ED28F6 /* XCTest.framework */; };
		9AF9EF31193794DB00F659E2 /* TestDataStore.m in Sources */ = {isa = PBXBuildFile; fileRef = 9AF9EF051937946A00F659E2 /* TestDataStore.m */; };
		9AF9EF32193794E000F659E2 /* test_person.json in Resources */ = {isa = PBXBuildFile; fileRef = 9AF9EF071937946A00F659E2 /* test_person.json */; };
		9AF9EF33193794E000F659E2 /* test_person_address.json in Resources */ = {isa = PBXBuildFile; fileRef = 9AF9EF081937946A00F659E2 /* test_person_address.json */; };
		9AF9EF34193794E700F659E2 /* Address.m in Sources */ = {isa = PBXBuildFile; fileRef = 9AF9EF0B1937946A00F659E2 /* Address.m */; };
		9AF9EF35193794E700F659E2 /* BigObject.m in Sources */ = {isa = PBXBuildFile; fileRef = 9AF9EF0D1937946A00F659E2 /* BigObject.m */; };
		9AF9EF36193794E700F659E2 /* ModelObject.m in Sources */ = {isa = PBXBuildFile; fileRef = 9AF9EF0F1937946A00F659E2 /* ModelObject.m */; };
		9AF9EF37193794E700F659E2 /* Person.m in Sources */ = {isa = PBXBuildFile; fileRef = 9AF9EF111937946A00F659E2 /* Person.m */; };
		9AF9EF38193794E700F659E2 /* RZImportTests.m in Sources */ = {isa = PBXBuildFile; fileRef = 9AF9EF121937946A00F659E2 /* RZImportTests.m */; };
		9AF9EF391937954600F659E2 /* NSObject+RZImport.m in Sources */ = {isa = PBXBuildFile; fileRef = F207C52819356F98005CDA77 /* NSObject+RZImport.m */; };
		F207C52A19356F98005CDA77 /* NSObject+RZImport.m in Sources */ = {isa = PBXBuildFile; fileRef = F207C52819356F98005CDA77 /* NSObject+RZImport.m */; };
/* End PBXBuildFile section */

/* Begin PBXFileReference section */
		98B298671981444F001C41CC /* Job.h */ = {isa = PBXFileReference; fileEncoding = 4; lastKnownFileType = sourcecode.c.h; path = Job.h; sourceTree = "<group>"; };
		98B298681981444F001C41CC /* Job.m */ = {isa = PBXFileReference; fileEncoding = 4; lastKnownFileType = sourcecode.c.objc; path = Job.m; sourceTree = "<group>"; };
		98B2986B198144BB001C41CC /* test_person_job.json */ = {isa = PBXFileReference; fileEncoding = 4; lastKnownFileType = text.json; path = test_person_job.json; sourceTree = "<group>"; };
		9A0DC9A41949E9DD009A0E32 /* RZImportTests-iOS-Info.plist */ = {isa = PBXFileReference; fileEncoding = 4; lastKnownFileType = text.plist.xml; path = "RZImportTests-iOS-Info.plist"; sourceTree = "<group>"; };
		9A0DC9A51949E9DD009A0E32 /* RZImportTests-iOS-Prefix.pch */ = {isa = PBXFileReference; fileEncoding = 4; lastKnownFileType = sourcecode.c.h; path = "RZImportTests-iOS-Prefix.pch"; sourceTree = "<group>"; };
		9A0DC9A81949E9E9009A0E32 /* RZImportTests-OSX-Info.plist */ = {isa = PBXFileReference; lastKnownFileType = text.plist.xml; path = "RZImportTests-OSX-Info.plist"; sourceTree = "<group>"; };
		9A0DC9A91949E9E9009A0E32 /* RZImportTests-OSX-Prefix.pch */ = {isa = PBXFileReference; lastKnownFileType = sourcecode.c.h; path = "RZImportTests-OSX-Prefix.pch"; sourceTree = "<group>"; };
		9A74A5C01946085700A06937 /* NSObject+RZImport_Private.h */ = {isa = PBXFileReference; fileEncoding = 4; lastKnownFileType = sourcecode.c.h; path = "NSObject+RZImport_Private.h"; sourceTree = "<group>"; };
		9A90D23A192CF9F000ED28F6 /* RZImportTests-iOS.xctest */ = {isa = PBXFileReference; explicitFileType = wrapper.cfbundle; includeInIndex = 0; path = "RZImportTests-iOS.xctest"; sourceTree = BUILT_PRODUCTS_DIR; };
		9A90D23D192CF9F000ED28F6 /* XCTest.framework */ = {isa = PBXFileReference; lastKnownFileType = wrapper.framework; name = XCTest.framework; path = Library/Frameworks/XCTest.framework; sourceTree = DEVELOPER_DIR; };
		9A90D23F192CF9F000ED28F6 /* Foundation.framework */ = {isa = PBXFileReference; lastKnownFileType = wrapper.framework; name = Foundation.framework; path = Library/Frameworks/Foundation.framework; sourceTree = DEVELOPER_DIR; };
		9AF9EF041937946A00F659E2 /* TestDataStore.h */ = {isa = PBXFileReference; fileEncoding = 4; lastKnownFileType = sourcecode.c.h; path = TestDataStore.h; sourceTree = "<group>"; };
		9AF9EF051937946A00F659E2 /* TestDataStore.m */ = {isa = PBXFileReference; fileEncoding = 4; lastKnownFileType = sourcecode.c.objc; path = TestDataStore.m; sourceTree = "<group>"; };
		9AF9EF071937946A00F659E2 /* test_person.json */ = {isa = PBXFileReference; fileEncoding = 4; lastKnownFileType = text.json; path = test_person.json; sourceTree = "<group>"; };
		9AF9EF081937946A00F659E2 /* test_person_address.json */ = {isa = PBXFileReference; fileEncoding = 4; lastKnownFileType = text.json; path = test_person_address.json; sourceTree = "<group>"; };
		9AF9EF0A1937946A00F659E2 /* Address.h */ = {isa = PBXFileReference; fileEncoding = 4; lastKnownFileType = sourcecode.c.h; path = Address.h; sourceTree = "<group>"; };
		9AF9EF0B1937946A00F659E2 /* Address.m */ = {isa = PBXFileReference; fileEncoding = 4; lastKnownFileType = sourcecode.c.objc; path = Address.m; sourceTree = "<group>"; };
		9AF9EF0C1937946A00F659E2 /* BigObject.h */ = {isa = PBXFileReference; fileEncoding = 4; lastKnownFileType = sourcecode.c.h; path = BigObject.h; sourceTree = "<group>"; };
		9AF9EF0D1937946A00F659E2 /* BigObject.m */ = {isa = PBXFileReference; fileEncoding = 4; lastKnownFileType = sourcecode.c.objc; path = BigObject.m; sourceTree = "<group>"; };
		9AF9EF0E1937946A00F659E2 /* ModelObject.h */ = {isa = PBXFileReference; fileEncoding = 4; lastKnownFileType = sourcecode.c.h; path = ModelObject.h; sourceTree = "<group>"; };
		9AF9EF0F1937946A00F659E2 /* ModelObject.m */ = {isa = PBXFileReference; fileEncoding = 4; lastKnownFileType = sourcecode.c.objc; path = ModelObject.m; sourceTree = "<group>"; };
		9AF9EF101937946A00F659E2 /* Person.h */ = {isa = PBXFileReference; fileEncoding = 4; lastKnownFileType = sourcecode.c.h; path = Person.h; sourceTree = "<group>"; };
		9AF9EF111937946A00F659E2 /* Person.m */ = {isa = PBXFileReference; fileEncoding = 4; lastKnownFileType = sourcecode.c.objc; path = Person.m; sourceTree = "<group>"; };
		9AF9EF121937946A00F659E2 /* RZImportTests.m */ = {isa = PBXFileReference; fileEncoding = 4; lastKnownFileType = sourcecode.c.objc; path = RZImportTests.m; sourceTree = "<group>"; };
		9AF9EF23193794D000F659E2 /* RZImportTests-OSX.xctest */ = {isa = PBXFileReference; explicitFileType = wrapper.cfbundle; includeInIndex = 0; path = "RZImportTests-OSX.xctest"; sourceTree = BUILT_PRODUCTS_DIR; };
		ABE3AEF21C40326100334B31 /* RZCompatibility.h */ = {isa = PBXFileReference; lastKnownFileType = sourcecode.c.h; path = RZCompatibility.h; sourceTree = "<group>"; };
		F207C52719356F98005CDA77 /* NSObject+RZImport.h */ = {isa = PBXFileReference; fileEncoding = 4; lastKnownFileType = sourcecode.c.h; path = "NSObject+RZImport.h"; sourceTree = "<group>"; };
		F207C52819356F98005CDA77 /* NSObject+RZImport.m */ = {isa = PBXFileReference; fileEncoding = 4; lastKnownFileType = sourcecode.c.objc; path = "NSObject+RZImport.m"; sourceTree = "<group>"; };
		F207C52919356F98005CDA77 /* RZImportable.h */ = {isa = PBXFileReference; fileEncoding = 4; lastKnownFileType = sourcecode.c.h; path = RZImportable.h; sourceTree = "<group>"; };
/* End PBXFileReference section */

/* Begin PBXFrameworksBuildPhase section */
		9A90D237192CF9F000ED28F6 /* Frameworks */ = {
			isa = PBXFrameworksBuildPhase;
			buildActionMask = 2147483647;
			files = (
				9A90D23E192CF9F000ED28F6 /* XCTest.framework in Frameworks */,
				9A90D240192CF9F000ED28F6 /* Foundation.framework in Frameworks */,
			);
			runOnlyForDeploymentPostprocessing = 0;
		};
		9AF9EF20193794D000F659E2 /* Frameworks */ = {
			isa = PBXFrameworksBuildPhase;
			buildActionMask = 2147483647;
			files = (
				9AF9EF24193794D000F659E2 /* XCTest.framework in Frameworks */,
			);
			runOnlyForDeploymentPostprocessing = 0;
		};
/* End PBXFrameworksBuildPhase section */

/* Begin PBXGroup section */
		9A0DC9A31949E9DD009A0E32 /* RZImportTests-iOS */ = {
			isa = PBXGroup;
			children = (
				9A0DC9A41949E9DD009A0E32 /* RZImportTests-iOS-Info.plist */,
				9A0DC9A51949E9DD009A0E32 /* RZImportTests-iOS-Prefix.pch */,
			);
			path = "RZImportTests-iOS";
			sourceTree = "<group>";
		};
		9A0DC9A71949E9E9009A0E32 /* RZImportTests-OSX */ = {
			isa = PBXGroup;
			children = (
				9A0DC9A81949E9E9009A0E32 /* RZImportTests-OSX-Info.plist */,
				9A0DC9A91949E9E9009A0E32 /* RZImportTests-OSX-Prefix.pch */,
			);
			path = "RZImportTests-OSX";
			sourceTree = "<group>";
		};
		9A74A5BF1946085700A06937 /* Private */ = {
			isa = PBXGroup;
			children = (
				9A74A5C01946085700A06937 /* NSObject+RZImport_Private.h */,
			);
			path = Private;
			sourceTree = "<group>";
		};
		9A90D22F192CF9CB00ED28F6 = {
			isa = PBXGroup;
			children = (
				F207C52619356F98005CDA77 /* Classes */,
				9AF9EF021937946A00F659E2 /* Tests */,
				9A0DC9A31949E9DD009A0E32 /* RZImportTests-iOS */,
				9A0DC9A71949E9E9009A0E32 /* RZImportTests-OSX */,
				9A90D23C192CF9F000ED28F6 /* Frameworks */,
				9A90D23B192CF9F000ED28F6 /* Products */,
			);
			sourceTree = "<group>";
		};
		9A90D23B192CF9F000ED28F6 /* Products */ = {
			isa = PBXGroup;
			children = (
				9A90D23A192CF9F000ED28F6 /* RZImportTests-iOS.xctest */,
				9AF9EF23193794D000F659E2 /* RZImportTests-OSX.xctest */,
			);
			name = Products;
			sourceTree = "<group>";
		};
		9A90D23C192CF9F000ED28F6 /* Frameworks */ = {
			isa = PBXGroup;
			children = (
				9A90D23D192CF9F000ED28F6 /* XCTest.framework */,
				9A90D23F192CF9F000ED28F6 /* Foundation.framework */,
			);
			name = Frameworks;
			sourceTree = "<group>";
		};
		9AF9EF021937946A00F659E2 /* Tests */ = {
			isa = PBXGroup;
			children = (
				9AF9EF031937946A00F659E2 /* DataStore */,
				9AF9EF061937946A00F659E2 /* json */,
				9AF9EF091937946A00F659E2 /* Model */,
				9AF9EF121937946A00F659E2 /* RZImportTests.m */,
			);
			path = Tests;
			sourceTree = "<group>";
		};
		9AF9EF031937946A00F659E2 /* DataStore */ = {
			isa = PBXGroup;
			children = (
				9AF9EF041937946A00F659E2 /* TestDataStore.h */,
				9AF9EF051937946A00F659E2 /* TestDataStore.m */,
			);
			path = DataStore;
			sourceTree = "<group>";
		};
		9AF9EF061937946A00F659E2 /* json */ = {
			isa = PBXGroup;
			children = (
				9AF9EF071937946A00F659E2 /* test_person.json */,
				9AF9EF081937946A00F659E2 /* test_person_address.json */,
				98B2986B198144BB001C41CC /* test_person_job.json */,
			);
			path = json;
			sourceTree = "<group>";
		};
		9AF9EF091937946A00F659E2 /* Model */ = {
			isa = PBXGroup;
			children = (
				9AF9EF0A1937946A00F659E2 /* Address.h */,
				9AF9EF0B1937946A00F659E2 /* Address.m */,
				9AF9EF0C1937946A00F659E2 /* BigObject.h */,
				9AF9EF0D1937946A00F659E2 /* BigObject.m */,
				9AF9EF0E1937946A00F659E2 /* ModelObject.h */,
				9AF9EF0F1937946A00F659E2 /* ModelObject.m */,
				9AF9EF101937946A00F659E2 /* Person.h */,
				9AF9EF111937946A00F659E2 /* Person.m */,
				98B298671981444F001C41CC /* Job.h */,
				98B298681981444F001C41CC /* Job.m */,
			);
			path = Model;
			sourceTree = "<group>";
		};
		F207C52619356F98005CDA77 /* Classes */ = {
			isa = PBXGroup;
			children = (
				9A74A5BF1946085700A06937 /* Private */,
				F207C52719356F98005CDA77 /* NSObject+RZImport.h */,
				F207C52819356F98005CDA77 /* NSObject+RZImport.m */,
				F207C52919356F98005CDA77 /* RZImportable.h */,
				ABE3AEF21C40326100334B31 /* RZCompatibility.h */,
			);
			name = Classes;
			path = ../Classes;
			sourceTree = "<group>";
		};
/* End PBXGroup section */

/* Begin PBXNativeTarget section */
		9A90D239192CF9F000ED28F6 /* RZImportTests-iOS */ = {
			isa = PBXNativeTarget;
			buildConfigurationList = 9A90D24C192CF9F000ED28F6 /* Build configuration list for PBXNativeTarget "RZImportTests-iOS" */;
			buildPhases = (
				9A90D236192CF9F000ED28F6 /* Sources */,
				9A90D237192CF9F000ED28F6 /* Frameworks */,
				9A90D238192CF9F000ED28F6 /* Resources */,
			);
			buildRules = (
			);
			dependencies = (
			);
			name = "RZImportTests-iOS";
			productName = RZImportTests;
			productReference = 9A90D23A192CF9F000ED28F6 /* RZImportTests-iOS.xctest */;
			productType = "com.apple.product-type.bundle.unit-test";
		};
		9AF9EF22193794D000F659E2 /* RZImportTests-OSX */ = {
			isa = PBXNativeTarget;
			buildConfigurationList = 9AF9EF2E193794D000F659E2 /* Build configuration list for PBXNativeTarget "RZImportTests-OSX" */;
			buildPhases = (
				9AF9EF1F193794D000F659E2 /* Sources */,
				9AF9EF20193794D000F659E2 /* Frameworks */,
				9AF9EF21193794D000F659E2 /* Resources */,
			);
			buildRules = (
			);
			dependencies = (
			);
			name = "RZImportTests-OSX";
			productName = "RZImportTests-OSX";
			productReference = 9AF9EF23193794D000F659E2 /* RZImportTests-OSX.xctest */;
			productType = "com.apple.product-type.bundle.unit-test";
		};
/* End PBXNativeTarget section */

/* Begin PBXProject section */
		9A90D230192CF9CB00ED28F6 /* Project object */ = {
			isa = PBXProject;
			attributes = {
				LastUpgradeCheck = 0510;
			};
			buildConfigurationList = 9A90D233192CF9CB00ED28F6 /* Build configuration list for PBXProject "RZImportTests" */;
			compatibilityVersion = "Xcode 3.2";
			developmentRegion = English;
			hasScannedForEncodings = 0;
			knownRegions = (
				en,
			);
			mainGroup = 9A90D22F192CF9CB00ED28F6;
			productRefGroup = 9A90D23B192CF9F000ED28F6 /* Products */;
			projectDirPath = "";
			projectRoot = "";
			targets = (
				9A90D239192CF9F000ED28F6 /* RZImportTests-iOS */,
				9AF9EF22193794D000F659E2 /* RZImportTests-OSX */,
			);
		};
/* End PBXProject section */

/* Begin PBXResourcesBuildPhase section */
		9A90D238192CF9F000ED28F6 /* Resources */ = {
			isa = PBXResourcesBuildPhase;
			buildActionMask = 2147483647;
			files = (
				9AF9EF141937946A00F659E2 /* test_person.json in Resources */,
				9AF9EF151937946A00F659E2 /* test_person_address.json in Resources */,
				98B2986C198144BB001C41CC /* test_person_job.json in Resources */,
			);
			runOnlyForDeploymentPostprocessing = 0;
		};
		9AF9EF21193794D000F659E2 /* Resources */ = {
			isa = PBXResourcesBuildPhase;
			buildActionMask = 2147483647;
			files = (
				9AF9EF32193794E000F659E2 /* test_person.json in Resources */,
				9AF9EF33193794E000F659E2 /* test_person_address.json in Resources */,
				98B2986D198144BB001C41CC /* test_person_job.json in Resources */,
			);
			runOnlyForDeploymentPostprocessing = 0;
		};
/* End PBXResourcesBuildPhase section */

/* Begin PBXSourcesBuildPhase section */
		9A90D236192CF9F000ED28F6 /* Sources */ = {
			isa = PBXSourcesBuildPhase;
			buildActionMask = 2147483647;
			files = (
				9AF9EF191937946A00F659E2 /* Person.m in Sources */,
				9AF9EF161937946A00F659E2 /* Address.m in Sources */,
				F207C52A19356F98005CDA77 /* NSObject+RZImport.m in Sources */,
				98B298691981444F001C41CC /* Job.m in Sources */,
				9AF9EF181937946A00F659E2 /* ModelObject.m in Sources */,
				9AF9EF131937946A00F659E2 /* TestDataStore.m in Sources */,
				9AF9EF171937946A00F659E2 /* BigObject.m in Sources */,
				9AF9EF1A1937946A00F659E2 /* RZImportTests.m in Sources */,
			);
			runOnlyForDeploymentPostprocessing = 0;
		};
		9AF9EF1F193794D000F659E2 /* Sources */ = {
			isa = PBXSourcesBuildPhase;
			buildActionMask = 2147483647;
			files = (
				9AF9EF391937954600F659E2 /* NSObject+RZImport.m in Sources */,
				9AF9EF37193794E700F659E2 /* Person.m in Sources */,
				9AF9EF34193794E700F659E2 /* Address.m in Sources */,
				98B2986A1981444F001C41CC /* Job.m in Sources */,
				9AF9EF36193794E700F659E2 /* ModelObject.m in Sources */,
				9AF9EF31193794DB00F659E2 /* TestDataStore.m in Sources */,
				9AF9EF35193794E700F659E2 /* BigObject.m in Sources */,
				9AF9EF38193794E700F659E2 /* RZImportTests.m in Sources */,
			);
			runOnlyForDeploymentPostprocessing = 0;
		};
/* End PBXSourcesBuildPhase section */

/* Begin XCBuildConfiguration section */
		9A90D234192CF9CB00ED28F6 /* Debug */ = {
			isa = XCBuildConfiguration;
			buildSettings = {
				HEADER_SEARCH_PATHS = (
					"$(inherited)",
					/Applications/Xcode.app/Contents/Developer/Toolchains/XcodeDefault.xctoolchain/usr/include,
				);
				ONLY_ACTIVE_ARCH = YES;
			};
			name = Debug;
		};
		9A90D235192CF9CB00ED28F6 /* Release */ = {
			isa = XCBuildConfiguration;
			buildSettings = {
				HEADER_SEARCH_PATHS = (
					"$(inherited)",
					/Applications/Xcode.app/Contents/Developer/Toolchains/XcodeDefault.xctoolchain/usr/include,
				);
			};
			name = Release;
		};
		9A90D24D192CF9F000ED28F6 /* Debug */ = {
			isa = XCBuildConfiguration;
			buildSettings = {
				ALWAYS_SEARCH_USER_PATHS = NO;
				CLANG_CXX_LANGUAGE_STANDARD = "gnu++0x";
				CLANG_CXX_LIBRARY = "libc++";
				CLANG_ENABLE_MODULES = YES;
				CLANG_ENABLE_OBJC_ARC = YES;
				CLANG_WARN_BOOL_CONVERSION = YES;
				CLANG_WARN_CONSTANT_CONVERSION = YES;
				CLANG_WARN_DIRECT_OBJC_ISA_USAGE = YES_ERROR;
				CLANG_WARN_EMPTY_BODY = YES;
				CLANG_WARN_ENUM_CONVERSION = YES;
				CLANG_WARN_INT_CONVERSION = YES;
				CLANG_WARN_OBJC_EXPLICIT_OWNERSHIP_TYPE = YES;
				CLANG_WARN_OBJC_IMPLICIT_RETAIN_SELF = YES;
				CLANG_WARN_OBJC_REPEATED_USE_OF_WEAK = NO;
				CLANG_WARN_OBJC_ROOT_CLASS = YES_ERROR;
				CLANG_WARN_SUSPICIOUS_IMPLICIT_CONVERSION = YES;
				CLANG_WARN__DUPLICATE_METHOD_MATCH = YES;
				COPY_PHASE_STRIP = NO;
				FRAMEWORK_SEARCH_PATHS = (
					"$(SDKROOT)/Developer/Library/Frameworks",
					"$(inherited)",
					"$(DEVELOPER_FRAMEWORKS_DIR)",
				);
				GCC_C_LANGUAGE_STANDARD = gnu99;
				GCC_DYNAMIC_NO_PIC = NO;
				GCC_OPTIMIZATION_LEVEL = 0;
				GCC_PRECOMPILE_PREFIX_HEADER = YES;
				GCC_PREFIX_HEADER = "RZImportTests-iOS/RZImportTests-iOS-Prefix.pch";
				GCC_PREPROCESSOR_DEFINITIONS = (
					"DEBUG=1",
					"$(inherited)",
				);
				GCC_SYMBOLS_PRIVATE_EXTERN = NO;
				GCC_WARN_64_TO_32_BIT_CONVERSION = YES;
				GCC_WARN_ABOUT_RETURN_TYPE = YES_ERROR;
				GCC_WARN_MULTIPLE_DEFINITION_TYPES_FOR_SELECTOR = YES;
				GCC_WARN_UNDECLARED_SELECTOR = YES;
				GCC_WARN_UNINITIALIZED_AUTOS = YES_AGGRESSIVE;
				GCC_WARN_UNUSED_FUNCTION = YES;
				GCC_WARN_UNUSED_VARIABLE = YES;
				HEADER_SEARCH_PATHS = (
					"$(inherited)",
					/Applications/Xcode.app/Contents/Developer/Toolchains/XcodeDefault.xctoolchain/usr/include,
				);
				INFOPLIST_FILE = "RZImportTests-iOS/RZImportTests-iOS-Info.plist";
				IPHONEOS_DEPLOYMENT_TARGET = 7.1;
				ONLY_ACTIVE_ARCH = YES;
				OTHER_CFLAGS = "";
				PRODUCT_NAME = "RZImportTests-iOS";
				SDKROOT = iphoneos;
				WARNING_CFLAGS = "";
				WRAPPER_EXTENSION = xctest;
			};
			name = Debug;
		};
		9A90D24E192CF9F000ED28F6 /* Release */ = {
			isa = XCBuildConfiguration;
			buildSettings = {
				ALWAYS_SEARCH_USER_PATHS = NO;
				CLANG_CXX_LANGUAGE_STANDARD = "gnu++0x";
				CLANG_CXX_LIBRARY = "libc++";
				CLANG_ENABLE_MODULES = YES;
				CLANG_ENABLE_OBJC_ARC = YES;
				CLANG_WARN_BOOL_CONVERSION = YES;
				CLANG_WARN_CONSTANT_CONVERSION = YES;
				CLANG_WARN_DIRECT_OBJC_ISA_USAGE = YES_ERROR;
				CLANG_WARN_EMPTY_BODY = YES;
				CLANG_WARN_ENUM_CONVERSION = YES;
				CLANG_WARN_INT_CONVERSION = YES;
				CLANG_WARN_OBJC_EXPLICIT_OWNERSHIP_TYPE = YES;
				CLANG_WARN_OBJC_IMPLICIT_RETAIN_SELF = YES;
				CLANG_WARN_OBJC_REPEATED_USE_OF_WEAK = NO;
				CLANG_WARN_OBJC_ROOT_CLASS = YES_ERROR;
				CLANG_WARN_SUSPICIOUS_IMPLICIT_CONVERSION = YES;
				CLANG_WARN__DUPLICATE_METHOD_MATCH = YES;
				COPY_PHASE_STRIP = YES;
				ENABLE_NS_ASSERTIONS = NO;
				FRAMEWORK_SEARCH_PATHS = (
					"$(SDKROOT)/Developer/Library/Frameworks",
					"$(inherited)",
					"$(DEVELOPER_FRAMEWORKS_DIR)",
				);
				GCC_C_LANGUAGE_STANDARD = gnu99;
				GCC_PRECOMPILE_PREFIX_HEADER = YES;
				GCC_PREFIX_HEADER = "RZImportTests-iOS/RZImportTests-iOS-Prefix.pch";
				GCC_WARN_64_TO_32_BIT_CONVERSION = YES;
				GCC_WARN_ABOUT_RETURN_TYPE = YES_ERROR;
				GCC_WARN_MULTIPLE_DEFINITION_TYPES_FOR_SELECTOR = YES;
				GCC_WARN_UNDECLARED_SELECTOR = YES;
				GCC_WARN_UNINITIALIZED_AUTOS = YES_AGGRESSIVE;
				GCC_WARN_UNUSED_FUNCTION = YES;
				GCC_WARN_UNUSED_VARIABLE = YES;
				HEADER_SEARCH_PATHS = (
					"$(inherited)",
					/Applications/Xcode.app/Contents/Developer/Toolchains/XcodeDefault.xctoolchain/usr/include,
				);
				INFOPLIST_FILE = "RZImportTests-iOS/RZImportTests-iOS-Info.plist";
				IPHONEOS_DEPLOYMENT_TARGET = 7.1;
				OTHER_CFLAGS = "";
				PRODUCT_NAME = "RZImportTests-iOS";
				SDKROOT = iphoneos;
				VALIDATE_PRODUCT = YES;
				WARNING_CFLAGS = "";
				WRAPPER_EXTENSION = xctest;
			};
			name = Release;
		};
		9AF9EF2F193794D000F659E2 /* Debug */ = {
			isa = XCBuildConfiguration;
			buildSettings = {
				ALWAYS_SEARCH_USER_PATHS = NO;
				CLANG_CXX_LANGUAGE_STANDARD = "gnu++0x";
				CLANG_CXX_LIBRARY = "libc++";
				CLANG_ENABLE_MODULES = YES;
				CLANG_ENABLE_OBJC_ARC = YES;
				CLANG_WARN_BOOL_CONVERSION = YES;
				CLANG_WARN_CONSTANT_CONVERSION = YES;
				CLANG_WARN_DIRECT_OBJC_ISA_USAGE = YES_ERROR;
				CLANG_WARN_EMPTY_BODY = YES;
				CLANG_WARN_ENUM_CONVERSION = YES;
				CLANG_WARN_INT_CONVERSION = YES;
				CLANG_WARN_OBJC_ROOT_CLASS = YES_ERROR;
				CLANG_WARN__DUPLICATE_METHOD_MATCH = YES;
				COPY_PHASE_STRIP = NO;
				FRAMEWORK_SEARCH_PATHS = (
					"$(DEVELOPER_FRAMEWORKS_DIR)",
					"$(inherited)",
				);
				GCC_C_LANGUAGE_STANDARD = gnu99;
				GCC_DYNAMIC_NO_PIC = NO;
				GCC_ENABLE_OBJC_EXCEPTIONS = YES;
				GCC_OPTIMIZATION_LEVEL = 0;
				GCC_PRECOMPILE_PREFIX_HEADER = YES;
				GCC_PREFIX_HEADER = "RZImportTests-OSX/RZImportTests-OSX-Prefix.pch";
				GCC_PREPROCESSOR_DEFINITIONS = (
					"DEBUG=1",
					"$(inherited)",
				);
				GCC_SYMBOLS_PRIVATE_EXTERN = NO;
				GCC_WARN_64_TO_32_BIT_CONVERSION = YES;
				GCC_WARN_ABOUT_RETURN_TYPE = YES_ERROR;
				GCC_WARN_UNDECLARED_SELECTOR = YES;
				GCC_WARN_UNINITIALIZED_AUTOS = YES_AGGRESSIVE;
				GCC_WARN_UNUSED_FUNCTION = YES;
				GCC_WARN_UNUSED_VARIABLE = YES;
				INFOPLIST_FILE = "RZImportTests-OSX/RZImportTests-OSX-Info.plist";
				MACOSX_DEPLOYMENT_TARGET = 10.9;
				PRODUCT_NAME = "RZImportTests-OSX";
				SDKROOT = macosx;
				WRAPPER_EXTENSION = xctest;
			};
			name = Debug;
		};
		9AF9EF30193794D000F659E2 /* Release */ = {
			isa = XCBuildConfiguration;
			buildSettings = {
				ALWAYS_SEARCH_USER_PATHS = NO;
				CLANG_CXX_LANGUAGE_STANDARD = "gnu++0x";
				CLANG_CXX_LIBRARY = "libc++";
				CLANG_ENABLE_MODULES = YES;
				CLANG_ENABLE_OBJC_ARC = YES;
				CLANG_WARN_BOOL_CONVERSION = YES;
				CLANG_WARN_CONSTANT_CONVERSION = YES;
				CLANG_WARN_DIRECT_OBJC_ISA_USAGE = YES_ERROR;
				CLANG_WARN_EMPTY_BODY = YES;
				CLANG_WARN_ENUM_CONVERSION = YES;
				CLANG_WARN_INT_CONVERSION = YES;
				CLANG_WARN_OBJC_ROOT_CLASS = YES_ERROR;
				CLANG_WARN__DUPLICATE_METHOD_MATCH = YES;
				COPY_PHASE_STRIP = YES;
				DEBUG_INFORMATION_FORMAT = "dwarf-with-dsym";
				ENABLE_NS_ASSERTIONS = NO;
				FRAMEWORK_SEARCH_PATHS = (
					"$(DEVELOPER_FRAMEWORKS_DIR)",
					"$(inherited)",
				);
				GCC_C_LANGUAGE_STANDARD = gnu99;
				GCC_ENABLE_OBJC_EXCEPTIONS = YES;
				GCC_PRECOMPILE_PREFIX_HEADER = YES;
				GCC_PREFIX_HEADER = "RZImportTests-OSX/RZImportTests-OSX-Prefix.pch";
				GCC_WARN_64_TO_32_BIT_CONVERSION = YES;
				GCC_WARN_ABOUT_RETURN_TYPE = YES_ERROR;
				GCC_WARN_UNDECLARED_SELECTOR = YES;
				GCC_WARN_UNINITIALIZED_AUTOS = YES_AGGRESSIVE;
				GCC_WARN_UNUSED_FUNCTION = YES;
				GCC_WARN_UNUSED_VARIABLE = YES;
				INFOPLIST_FILE = "RZImportTests-OSX/RZImportTests-OSX-Info.plist";
				MACOSX_DEPLOYMENT_TARGET = 10.9;
				PRODUCT_NAME = "RZImportTests-OSX";
				SDKROOT = macosx;
				WRAPPER_EXTENSION = xctest;
			};
			name = Release;
		};
/* End XCBuildConfiguration section */

/* Begin XCConfigurationList section */
		9A90D233192CF9CB00ED28F6 /* Build configuration list for PBXProject "RZImportTests" */ = {
			isa = XCConfigurationList;
			buildConfigurations = (
				9A90D234192CF9CB00ED28F6 /* Debug */,
				9A90D235192CF9CB00ED28F6 /* Release */,
			);
			defaultConfigurationIsVisible = 0;
			defaultConfigurationName = Release;
		};
		9A90D24C192CF9F000ED28F6 /* Build configuration list for PBXNativeTarget "RZImportTests-iOS" */ = {
			isa = XCConfigurationList;
			buildConfigurations = (
				9A90D24D192CF9F000ED28F6 /* Debug */,
				9A90D24E192CF9F000ED28F6 /* Release */,
			);
			defaultConfigurationIsVisible = 0;
			defaultConfigurationName = Release;
		};
		9AF9EF2E193794D000F659E2 /* Build configuration list for PBXNativeTarget "RZImportTests-OSX" */ = {
			isa = XCConfigurationList;
			buildConfigurations = (
				9AF9EF2F193794D000F659E2 /* Debug */,
				9AF9EF30193794D000F659E2 /* Release */,
			);
			defaultConfigurationIsVisible = 0;
			defaultConfigurationName = Release;
		};
/* End XCConfigurationList section */
	};
	rootObject = 9A90D230192CF9CB00ED28F6 /* Project object */;
}
