// !$*UTF8*$!
{
	archiveVersion = 1;
	classes = {
	};
	objectVersion = 46;
	objects = {

/* Begin PBXGroup section */
		9A90D22F192CF9CB00ED28F6 = {
			isa = PBXGroup;
			children = (
			);
			sourceTree = "<group>";
		};
/* End PBXGroup section */

/* Begin PBXProject section */
		9A90D230192CF9CB00ED28F6 /* Project object */ = {
			isa = PBXProject;
			attributes = {
				LastUpgradeCheck = 0510;
			};
			buildConfigurationList = 9A90D233192CF9CB00ED28F6 /* Build configuration list for PBXProject "RZAutoImport" */;
			compatibilityVersion = "Xcode 3.2";
			developmentRegion = English;
			hasScannedForEncodings = 0;
			knownRegions = (
				en,
			);
			mainGroup = 9A90D22F192CF9CB00ED28F6;
			projectDirPath = "";
			projectRoot = "";
			targets = (
			);
		};
/* End PBXProject section */

/* Begin XCBuildConfiguration section */
		9A90D234192CF9CB00ED28F6 /* Debug */ = {
			isa = XCBuildConfiguration;
			buildSettings = {
			};
			name = Debug;
		};
		9A90D235192CF9CB00ED28F6 /* Release */ = {
			isa = XCBuildConfiguration;
			buildSettings = {
			};
			name = Release;
		};
/* End XCBuildConfiguration section */

/* Begin XCConfigurationList section */
		9A90D233192CF9CB00ED28F6 /* Build configuration list for PBXProject "RZAutoImport" */ = {
			isa = XCConfigurationList;
			buildConfigurations = (
				9A90D234192CF9CB00ED28F6 /* Debug */,
				9A90D235192CF9CB00ED28F6 /* Release */,
			);
			defaultConfigurationIsVisible = 0;
			defaultConfigurationName = Release;
		};
/* End XCConfigurationList section */
	};
	rootObject = 9A90D230192CF9CB00ED28F6 /* Project object */;
}
